
Microsoft Visual Studio Solution File, Format Version 12.00
# Visual Studio 15
VisualStudioVersion = 15.0.28010.2046
MinimumVisualStudioVersion = 10.0.40219.1
Project("{FAE04EC0-301F-11D3-BF4B-00C04F79EFBC}") = "Diagrams", "Diagrams\Diagrams.csproj", "{730E9984-F3E6-4274-A82D-AA9CCBF4D129}"
EndProject
Global
	GlobalSection(SolutionConfigurationPlatforms) = preSolution
		Debug|Any CPU = Debug|Any CPU
		Release|Any CPU = Release|Any CPU
	EndGlobalSection
	GlobalSection(ProjectConfigurationPlatforms) = postSolution
		{730E9984-F3E6-4274-A82D-AA9CCBF4D129}.Debug|Any CPU.ActiveCfg = Debug|Any CPU
		{730E9984-F3E6-4274-A82D-AA9CCBF4D129}.Debug|Any CPU.Build.0 = Debug|Any CPU
		{730E9984-F3E6-4274-A82D-AA9CCBF4D129}.Release|Any CPU.ActiveCfg = Release|Any CPU
		{730E9984-F3E6-4274-A82D-AA9CCBF4D129}.Release|Any CPU.Build.0 = Release|Any CPU
	EndGlobalSection
	GlobalSection(SolutionProperties) = preSolution
		HideSolutionNode = FALSE
	EndGlobalSection
	GlobalSection(ExtensibilityGlobals) = postSolution
		SolutionGuid = {8EAC0994-3C5E-4D34-AB15-B89658E35772}
	EndGlobalSection
EndGlobal
